
Microsoft Visual Studio Solution File, Format Version 12.00
# Visual Studio Version 17
VisualStudioVersion = 17.12.35707.178
MinimumVisualStudioVersion = 10.0.40219.1
Project("{FAE04EC0-301F-11D3-BF4B-00C04F79EFBC}") = "Demo.Api", "Demo.Api\Demo.Api.csproj", "{DE8DB7A7-4091-4DAB-8B59-45AF7961BA64}"
EndProject
Project("{FAE04EC0-301F-11D3-BF4B-00C04F79EFBC}") = "Demo.BusinessLogic", "Demo.BusinessLogic\Demo.BusinessLogic.csproj", "{8A947EF2-6ADF-48DE-93AB-72940BFA6B5D}"
EndProject
Global
	GlobalSection(SolutionConfigurationPlatforms) = preSolution
		Debug|Any CPU = Debug|Any CPU
		Release|Any CPU = Release|Any CPU
	EndGlobalSection
	GlobalSection(ProjectConfigurationPlatforms) = postSolution
		{DE8DB7A7-4091-4DAB-8B59-45AF7961BA64}.Debug|Any CPU.ActiveCfg = Debug|Any CPU
		{DE8DB7A7-4091-4DAB-8B59-45AF7961BA64}.Debug|Any CPU.Build.0 = Debug|Any CPU
		{DE8DB7A7-4091-4DAB-8B59-45AF7961BA64}.Release|Any CPU.ActiveCfg = Release|Any CPU
		{DE8DB7A7-4091-4DAB-8B59-45AF7961BA64}.Release|Any CPU.Build.0 = Release|Any CPU
		{8A947EF2-6ADF-48DE-93AB-72940BFA6B5D}.Debug|Any CPU.ActiveCfg = Debug|Any CPU
		{8A947EF2-6ADF-48DE-93AB-72940BFA6B5D}.Debug|Any CPU.Build.0 = Debug|Any CPU
		{8A947EF2-6ADF-48DE-93AB-72940BFA6B5D}.Release|Any CPU.ActiveCfg = Release|Any CPU
		{8A947EF2-6ADF-48DE-93AB-72940BFA6B5D}.Release|Any CPU.Build.0 = Release|Any CPU
	EndGlobalSection
	GlobalSection(SolutionProperties) = preSolution
		HideSolutionNode = FALSE
	EndGlobalSection
EndGlobal
